
Microsoft Visual Studio Solution File, Format Version 12.00
# Visual Studio Version 16
VisualStudioVersion = 16.0.32630.194
MinimumVisualStudioVersion = 10.0.40219.1
Project("{FAE04EC0-301F-11D3-BF4B-00C04F79EFBC}") = "DemoGrechka007ca1", "DemoGrechka007ca1\DemoGrechka007ca1.csproj", "{AD769322-C05A-4C1F-9D5E-44C032D7EE08}"
EndProject
Global
	GlobalSection(SolutionConfigurationPlatforms) = preSolution
		Debug|Any CPU = Debug|Any CPU
		Release|Any CPU = Release|Any CPU
	EndGlobalSection
	GlobalSection(ProjectConfigurationPlatforms) = postSolution
		{AD769322-C05A-4C1F-9D5E-44C032D7EE08}.Debug|Any CPU.ActiveCfg = Debug|Any CPU
		{AD769322-C05A-4C1F-9D5E-44C032D7EE08}.Debug|Any CPU.Build.0 = Debug|Any CPU
		{AD769322-C05A-4C1F-9D5E-44C032D7EE08}.Release|Any CPU.ActiveCfg = Release|Any CPU
		{AD769322-C05A-4C1F-9D5E-44C032D7EE08}.Release|Any CPU.Build.0 = Release|Any CPU
	EndGlobalSection
	GlobalSection(SolutionProperties) = preSolution
		HideSolutionNode = FALSE
	EndGlobalSection
	GlobalSection(ExtensibilityGlobals) = postSolution
		SolutionGuid = {D5C0E686-5FA3-4A1E-AECF-48C046CCA9F0}
	EndGlobalSection
EndGlobal
